
Microsoft Visual Studio Solution File, Format Version 12.00
# Visual Studio Version 17
VisualStudioVersion = 17.11.35327.3
MinimumVisualStudioVersion = 10.0.40219.1
Project("{8BC9CEB8-8B4A-11D0-8D11-00A0C91BC942}") = "Client", "Client\Client.vcxproj", "{33E66972-131E-4F19-A063-D143EE1E93F5}"
EndProject
Project("{8BC9CEB8-8B4A-11D0-8D11-00A0C91BC942}") = "Engine", "Engine\Engine.vcxproj", "{4BCA79CC-8AC9-4C6B-A180-D8C0578CCB10}"
EndProject
Global
	GlobalSection(SolutionConfigurationPlatforms) = preSolution
		Debug|x64 = Debug|x64
		Debug|x86 = Debug|x86
		Release|x64 = Release|x64
		Release|x86 = Release|x86
	EndGlobalSection
	GlobalSection(ProjectConfigurationPlatforms) = postSolution
		{33E66972-131E-4F19-A063-D143EE1E93F5}.Debug|x64.ActiveCfg = Debug|x64
		{33E66972-131E-4F19-A063-D143EE1E93F5}.Debug|x64.Build.0 = Debug|x64
		{33E66972-131E-4F19-A063-D143EE1E93F5}.Debug|x86.ActiveCfg = Debug|Win32
		{33E66972-131E-4F19-A063-D143EE1E93F5}.Debug|x86.Build.0 = Debug|Win32
		{33E66972-131E-4F19-A063-D143EE1E93F5}.Release|x64.ActiveCfg = Release|x64
		{33E66972-131E-4F19-A063-D143EE1E93F5}.Release|x64.Build.0 = Release|x64
		{33E66972-131E-4F19-A063-D143EE1E93F5}.Release|x86.ActiveCfg = Release|Win32
		{33E66972-131E-4F19-A063-D143EE1E93F5}.Release|x86.Build.0 = Release|Win32
		{4BCA79CC-8AC9-4C6B-A180-D8C0578CCB10}.Debug|x64.ActiveCfg = Debug|x64
		{4BCA79CC-8AC9-4C6B-A180-D8C0578CCB10}.Debug|x64.Build.0 = Debug|x64
		{4BCA79CC-8AC9-4C6B-A180-D8C0578CCB10}.Debug|x86.ActiveCfg = Debug|Win32
		{4BCA79CC-8AC9-4C6B-A180-D8C0578CCB10}.Debug|x86.Build.0 = Debug|Win32
		{4BCA79CC-8AC9-4C6B-A180-D8C0578CCB10}.Release|x64.ActiveCfg = Release|x64
		{4BCA79CC-8AC9-4C6B-A180-D8C0578CCB10}.Release|x64.Build.0 = Release|x64
		{4BCA79CC-8AC9-4C6B-A180-D8C0578CCB10}.Release|x86.ActiveCfg = Release|Win32
		{4BCA79CC-8AC9-4C6B-A180-D8C0578CCB10}.Release|x86.Build.0 = Release|Win32
	EndGlobalSection
	GlobalSection(SolutionProperties) = preSolution
		HideSolutionNode = FALSE
	EndGlobalSection
	GlobalSection(ExtensibilityGlobals) = postSolution
		SolutionGuid = {BA3C3FCA-C0C5-4741-A473-DA26D5C2DFF8}
	EndGlobalSection
EndGlobal
